// !$*UTF8*$!
{
	archiveVersion = 1;
	classes = {
	};
	objectVersion = 48;
	objects = {

/* Begin PBXBuildFile section */
		BF0705621FC1EA4E00E91073 /* Extensions.swift in Sources */ = {isa = PBXBuildFile; fileRef = BF0705611FC1EA4E00E91073 /* Extensions.swift */; };
		BF0705641FC1F11200E91073 /* GoogleService-Info.plist in Resources */ = {isa = PBXBuildFile; fileRef = BF0705631FC1F11200E91073 /* GoogleService-Info.plist */; };
		BF25DD011FC0BD5B0095F9BC /* AppDelegate.swift in Sources */ = {isa = PBXBuildFile; fileRef = BF25DD001FC0BD5B0095F9BC /* AppDelegate.swift */; };
		BF25DD031FC0BD5B0095F9BC /* SignUpController.swift in Sources */ = {isa = PBXBuildFile; fileRef = BF25DD021FC0BD5B0095F9BC /* SignUpController.swift */; };
		BF25DD061FC0BD5B0095F9BC /* Main.storyboard in Resources */ = {isa = PBXBuildFile; fileRef = BF25DD041FC0BD5B0095F9BC /* Main.storyboard */; };
		BF25DD081FC0BD5B0095F9BC /* Assets.xcassets in Resources */ = {isa = PBXBuildFile; fileRef = BF25DD071FC0BD5B0095F9BC /* Assets.xcassets */; };
		BF25DD0B1FC0BD5B0095F9BC /* LaunchScreen.storyboard in Resources */ = {isa = PBXBuildFile; fileRef = BF25DD091FC0BD5B0095F9BC /* LaunchScreen.storyboard */; };
		BF63014D1FC5F8850066B7D9 /* MainTabBarController.swift in Sources */ = {isa = PBXBuildFile; fileRef = BF63014C1FC5F8850066B7D9 /* MainTabBarController.swift */; };
		BF63014F1FC5F9670066B7D9 /* UserProfileController.swift in Sources */ = {isa = PBXBuildFile; fileRef = BF63014E1FC5F9670066B7D9 /* UserProfileController.swift */; };
		BF6301521FC6002A0066B7D9 /* UserProfileHeader.swift in Sources */ = {isa = PBXBuildFile; fileRef = BF6301511FC6002A0066B7D9 /* UserProfileHeader.swift */; };
		BF6FA63C200E8824001F630F /* PhotoSelectorController.swift in Sources */ = {isa = PBXBuildFile; fileRef = BF6FA63B200E8824001F630F /* PhotoSelectorController.swift */; };
		BFA123731FCC9B1F006E56A7 /* LoginController.swift in Sources */ = {isa = PBXBuildFile; fileRef = BFA123721FCC9B1F006E56A7 /* LoginController.swift */; };
		BFD57558200BDC1A00EC89A6 /* Pods_InstagramFirebase.framework in Frameworks */ = {isa = PBXBuildFile; fileRef = BFD57559200BDC1A00EC89A6 /* Pods_InstagramFirebase.framework */; };
		BFFC3E07203611E30060BDC5 /* PhotoSelectorCell.swift in Sources */ = {isa = PBXBuildFile; fileRef = BFFC3E06203611E30060BDC5 /* PhotoSelectorCell.swift */; };
		BFFC3E09203618310060BDC5 /* PhotoSelectorHeader.swift in Sources */ = {isa = PBXBuildFile; fileRef = BFFC3E08203618310060BDC5 /* PhotoSelectorHeader.swift */; };
/* End PBXBuildFile section */

/* Begin PBXFileReference section */
		222E8A416945292193159E4A /* Pods_InstagramFirebase.framework */ = {isa = PBXFileReference; explicitFileType = wrapper.framework; includeInIndex = 0; path = Pods_InstagramFirebase.framework; sourceTree = BUILT_PRODUCTS_DIR; };
		6FA839C58F073AE9F808AE26 /* Pods-InstagramFirebase.release.xcconfig */ = {isa = PBXFileReference; includeInIndex = 1; lastKnownFileType = text.xcconfig; name = "Pods-InstagramFirebase.release.xcconfig"; path = "Pods/Target Support Files/Pods-InstagramFirebase/Pods-InstagramFirebase.release.xcconfig"; sourceTree = "<group>"; };
		7916B33E8DB1BFBAAB969A0E /* Pods-InstagramFirebase.debug.xcconfig */ = {isa = PBXFileReference; includeInIndex = 1; lastKnownFileType = text.xcconfig; name = "Pods-InstagramFirebase.debug.xcconfig"; path = "Pods/Target Support Files/Pods-InstagramFirebase/Pods-InstagramFirebase.debug.xcconfig"; sourceTree = "<group>"; };
		BF0705611FC1EA4E00E91073 /* Extensions.swift */ = {isa = PBXFileReference; lastKnownFileType = sourcecode.swift; path = Extensions.swift; sourceTree = "<group>"; };
		BF0705631FC1F11200E91073 /* GoogleService-Info.plist */ = {isa = PBXFileReference; fileEncoding = 4; lastKnownFileType = text.plist.xml; path = "GoogleService-Info.plist"; sourceTree = "<group>"; };
		BF25DCFD1FC0BD5B0095F9BC /* InstagramFirebase.app */ = {isa = PBXFileReference; explicitFileType = wrapper.application; includeInIndex = 0; path = InstagramFirebase.app; sourceTree = BUILT_PRODUCTS_DIR; };
		BF25DD001FC0BD5B0095F9BC /* AppDelegate.swift */ = {isa = PBXFileReference; lastKnownFileType = sourcecode.swift; path = AppDelegate.swift; sourceTree = "<group>"; };
		BF25DD021FC0BD5B0095F9BC /* SignUpController.swift */ = {isa = PBXFileReference; lastKnownFileType = sourcecode.swift; path = SignUpController.swift; sourceTree = "<group>"; };
		BF25DD051FC0BD5B0095F9BC /* Base */ = {isa = PBXFileReference; lastKnownFileType = file.storyboard; name = Base; path = Base.lproj/Main.storyboard; sourceTree = "<group>"; };
		BF25DD071FC0BD5B0095F9BC /* Assets.xcassets */ = {isa = PBXFileReference; lastKnownFileType = folder.assetcatalog; path = Assets.xcassets; sourceTree = "<group>"; };
		BF25DD0A1FC0BD5B0095F9BC /* Base */ = {isa = PBXFileReference; lastKnownFileType = file.storyboard; name = Base; path = Base.lproj/LaunchScreen.storyboard; sourceTree = "<group>"; };
		BF25DD0C1FC0BD5B0095F9BC /* Info.plist */ = {isa = PBXFileReference; lastKnownFileType = text.plist.xml; path = Info.plist; sourceTree = "<group>"; };
		BF63014C1FC5F8850066B7D9 /* MainTabBarController.swift */ = {isa = PBXFileReference; lastKnownFileType = sourcecode.swift; path = MainTabBarController.swift; sourceTree = "<group>"; };
		BF63014E1FC5F9670066B7D9 /* UserProfileController.swift */ = {isa = PBXFileReference; lastKnownFileType = sourcecode.swift; path = UserProfileController.swift; sourceTree = "<group>"; };
		BF6301511FC6002A0066B7D9 /* UserProfileHeader.swift */ = {isa = PBXFileReference; lastKnownFileType = sourcecode.swift; path = UserProfileHeader.swift; sourceTree = "<group>"; };
		BF6FA63B200E8824001F630F /* PhotoSelectorController.swift */ = {isa = PBXFileReference; lastKnownFileType = sourcecode.swift; path = PhotoSelectorController.swift; sourceTree = "<group>"; };
		BFA123721FCC9B1F006E56A7 /* LoginController.swift */ = {isa = PBXFileReference; lastKnownFileType = sourcecode.swift; path = LoginController.swift; sourceTree = "<group>"; };
		BFD57559200BDC1A00EC89A6 /* Pods_InstagramFirebase.framework */ = {isa = PBXFileReference; explicitFileType = wrapper.framework; path = Pods_InstagramFirebase.framework; sourceTree = BUILT_PRODUCTS_DIR; };
		BFFC3E06203611E30060BDC5 /* PhotoSelectorCell.swift */ = {isa = PBXFileReference; lastKnownFileType = sourcecode.swift; path = PhotoSelectorCell.swift; sourceTree = "<group>"; };
		BFFC3E08203618310060BDC5 /* PhotoSelectorHeader.swift */ = {isa = PBXFileReference; lastKnownFileType = sourcecode.swift; path = PhotoSelectorHeader.swift; sourceTree = "<group>"; };
/* End PBXFileReference section */

/* Begin PBXFrameworksBuildPhase section */
		BF25DCFA1FC0BD5A0095F9BC /* Frameworks */ = {
			isa = PBXFrameworksBuildPhase;
			buildActionMask = 2147483647;
			files = (
				BFD57558200BDC1A00EC89A6 /* Pods_InstagramFirebase.framework in Frameworks */,
			);
			runOnlyForDeploymentPostprocessing = 0;
		};
/* End PBXFrameworksBuildPhase section */

/* Begin PBXGroup section */
		64D9968AB0DB9648FF1981DC /* Frameworks */ = {
			isa = PBXGroup;
			children = (
				BFD57559200BDC1A00EC89A6 /* Pods_InstagramFirebase.framework */,
				222E8A416945292193159E4A /* Pods_InstagramFirebase.framework */,
			);
			name = Frameworks;
			sourceTree = "<group>";
		};
		BF0705601FC1EA3A00E91073 /* Utils */ = {
			isa = PBXGroup;
			children = (
				BF0705611FC1EA4E00E91073 /* Extensions.swift */,
			);
			path = Utils;
			sourceTree = "<group>";
		};
		BF25DCF41FC0BD5A0095F9BC = {
			isa = PBXGroup;
			children = (
				BF25DCFF1FC0BD5B0095F9BC /* InstagramFirebase */,
				BF25DCFE1FC0BD5B0095F9BC /* Products */,
				BF2AE947DF2A55410CA8E50D /* Pods */,
				64D9968AB0DB9648FF1981DC /* Frameworks */,
			);
			sourceTree = "<group>";
		};
		BF25DCFE1FC0BD5B0095F9BC /* Products */ = {
			isa = PBXGroup;
			children = (
				BF25DCFD1FC0BD5B0095F9BC /* InstagramFirebase.app */,
			);
			name = Products;
			sourceTree = "<group>";
		};
		BF25DCFF1FC0BD5B0095F9BC /* InstagramFirebase */ = {
			isa = PBXGroup;
			children = (
				BF6FA63A200E8812001F630F /* AddPhoto */,
				BFA123711FCC9B0B006E56A7 /* Login */,
				BF6301501FC600160066B7D9 /* UserProfile */,
				BF0705601FC1EA3A00E91073 /* Utils */,
				BF25DD001FC0BD5B0095F9BC /* AppDelegate.swift */,
				BF25DD041FC0BD5B0095F9BC /* Main.storyboard */,
				BF25DD071FC0BD5B0095F9BC /* Assets.xcassets */,
				BF25DD091FC0BD5B0095F9BC /* LaunchScreen.storyboard */,
				BF25DD0C1FC0BD5B0095F9BC /* Info.plist */,
				BF0705631FC1F11200E91073 /* GoogleService-Info.plist */,
				BF63014C1FC5F8850066B7D9 /* MainTabBarController.swift */,
			);
			path = InstagramFirebase;
			sourceTree = "<group>";
		};
		BF2AE947DF2A55410CA8E50D /* Pods */ = {
			isa = PBXGroup;
			children = (
				7916B33E8DB1BFBAAB969A0E /* Pods-InstagramFirebase.debug.xcconfig */,
				6FA839C58F073AE9F808AE26 /* Pods-InstagramFirebase.release.xcconfig */,
			);
			name = Pods;
			sourceTree = "<group>";
		};
		BF6301501FC600160066B7D9 /* UserProfile */ = {
			isa = PBXGroup;
			children = (
				BF63014E1FC5F9670066B7D9 /* UserProfileController.swift */,
				BF6301511FC6002A0066B7D9 /* UserProfileHeader.swift */,
			);
			path = UserProfile;
			sourceTree = "<group>";
		};
		BF6FA63A200E8812001F630F /* AddPhoto */ = {
			isa = PBXGroup;
			children = (
				BF6FA63B200E8824001F630F /* PhotoSelectorController.swift */,
				BFFC3E06203611E30060BDC5 /* PhotoSelectorCell.swift */,
				BFFC3E08203618310060BDC5 /* PhotoSelectorHeader.swift */,
			);
			path = AddPhoto;
			sourceTree = "<group>";
		};
		BFA123711FCC9B0B006E56A7 /* Login */ = {
			isa = PBXGroup;
			children = (
				BF25DD021FC0BD5B0095F9BC /* SignUpController.swift */,
				BFA123721FCC9B1F006E56A7 /* LoginController.swift */,
			);
			path = Login;
			sourceTree = "<group>";
		};
/* End PBXGroup section */

/* Begin PBXNativeTarget section */
		BF25DCFC1FC0BD5A0095F9BC /* InstagramFirebase */ = {
			isa = PBXNativeTarget;
			buildConfigurationList = BF25DD0F1FC0BD5B0095F9BC /* Build configuration list for PBXNativeTarget "InstagramFirebase" */;
			buildPhases = (
				BB33A4CF58C526947961C2ED /* [CP] Check Pods Manifest.lock */,
				BF25DCF91FC0BD5A0095F9BC /* Sources */,
				BF25DCFA1FC0BD5A0095F9BC /* Frameworks */,
				BF25DCFB1FC0BD5A0095F9BC /* Resources */,
				4C9F7FF2D42467C77082C3BB /* [CP] Embed Pods Frameworks */,
				B8C4AD38102889D7A48A199B /* [CP] Copy Pods Resources */,
			);
			buildRules = (
			);
			dependencies = (
			);
			name = InstagramFirebase;
			productName = InstagramFirebase;
			productReference = BF25DCFD1FC0BD5B0095F9BC /* InstagramFirebase.app */;
			productType = "com.apple.product-type.application";
		};
/* End PBXNativeTarget section */

/* Begin PBXProject section */
		BF25DCF51FC0BD5A0095F9BC /* Project object */ = {
			isa = PBXProject;
			attributes = {
				LastSwiftUpdateCheck = 0910;
				LastUpgradeCheck = 0910;
				ORGANIZATIONNAME = Vincent;
				TargetAttributes = {
					BF25DCFC1FC0BD5A0095F9BC = {
						CreatedOnToolsVersion = 9.1;
						ProvisioningStyle = Automatic;
					};
				};
			};
			buildConfigurationList = BF25DCF81FC0BD5A0095F9BC /* Build configuration list for PBXProject "InstagramFirebase" */;
			compatibilityVersion = "Xcode 8.0";
			developmentRegion = en;
			hasScannedForEncodings = 0;
			knownRegions = (
				en,
				Base,
			);
			mainGroup = BF25DCF41FC0BD5A0095F9BC;
			productRefGroup = BF25DCFE1FC0BD5B0095F9BC /* Products */;
			projectDirPath = "";
			projectRoot = "";
			targets = (
				BF25DCFC1FC0BD5A0095F9BC /* InstagramFirebase */,
			);
		};
/* End PBXProject section */

/* Begin PBXResourcesBuildPhase section */
		BF25DCFB1FC0BD5A0095F9BC /* Resources */ = {
			isa = PBXResourcesBuildPhase;
			buildActionMask = 2147483647;
			files = (
				BF25DD0B1FC0BD5B0095F9BC /* LaunchScreen.storyboard in Resources */,
				BF0705641FC1F11200E91073 /* GoogleService-Info.plist in Resources */,
				BF25DD081FC0BD5B0095F9BC /* Assets.xcassets in Resources */,
				BF25DD061FC0BD5B0095F9BC /* Main.storyboard in Resources */,
			);
			runOnlyForDeploymentPostprocessing = 0;
		};
/* End PBXResourcesBuildPhase section */

/* Begin PBXShellScriptBuildPhase section */
		4C9F7FF2D42467C77082C3BB /* [CP] Embed Pods Frameworks */ = {
			isa = PBXShellScriptBuildPhase;
			buildActionMask = 2147483647;
			files = (
			);
			inputPaths = (
			);
			name = "[CP] Embed Pods Frameworks";
			outputPaths = (
			);
			runOnlyForDeploymentPostprocessing = 0;
			shellPath = /bin/sh;
			shellScript = "\"${SRCROOT}/Pods/Target Support Files/Pods-InstagramFirebase/Pods-InstagramFirebase-frameworks.sh\"\n";
			showEnvVarsInLog = 0;
		};
		B8C4AD38102889D7A48A199B /* [CP] Copy Pods Resources */ = {
			isa = PBXShellScriptBuildPhase;
			buildActionMask = 2147483647;
			files = (
			);
			inputPaths = (
			);
			name = "[CP] Copy Pods Resources";
			outputPaths = (
			);
			runOnlyForDeploymentPostprocessing = 0;
			shellPath = /bin/sh;
			shellScript = "\"${SRCROOT}/Pods/Target Support Files/Pods-InstagramFirebase/Pods-InstagramFirebase-resources.sh\"\n";
			showEnvVarsInLog = 0;
		};
		BB33A4CF58C526947961C2ED /* [CP] Check Pods Manifest.lock */ = {
			isa = PBXShellScriptBuildPhase;
			buildActionMask = 2147483647;
			files = (
			);
			inputPaths = (
			);
			name = "[CP] Check Pods Manifest.lock";
			outputPaths = (
			);
			runOnlyForDeploymentPostprocessing = 0;
			shellPath = /bin/sh;
			shellScript = "diff \"${PODS_ROOT}/../Podfile.lock\" \"${PODS_ROOT}/Manifest.lock\" > /dev/null\nif [ $? != 0 ] ; then\n    # print error to STDERR\n    echo \"error: The sandbox is not in sync with the Podfile.lock. Run 'pod install' or update your CocoaPods installation.\" >&2\n    exit 1\nfi\n";
			showEnvVarsInLog = 0;
		};
/* End PBXShellScriptBuildPhase section */

/* Begin PBXSourcesBuildPhase section */
		BF25DCF91FC0BD5A0095F9BC /* Sources */ = {
			isa = PBXSourcesBuildPhase;
			buildActionMask = 2147483647;
			files = (
				BF25DD031FC0BD5B0095F9BC /* SignUpController.swift in Sources */,
				BFFC3E07203611E30060BDC5 /* PhotoSelectorCell.swift in Sources */,
				BF0705621FC1EA4E00E91073 /* Extensions.swift in Sources */,
				BF63014D1FC5F8850066B7D9 /* MainTabBarController.swift in Sources */,
				BF6301521FC6002A0066B7D9 /* UserProfileHeader.swift in Sources */,
				BF63014F1FC5F9670066B7D9 /* UserProfileController.swift in Sources */,
				BF25DD011FC0BD5B0095F9BC /* AppDelegate.swift in Sources */,
				BFA123731FCC9B1F006E56A7 /* LoginController.swift in Sources */,
				BFFC3E09203618310060BDC5 /* PhotoSelectorHeader.swift in Sources */,
				BF6FA63C200E8824001F630F /* PhotoSelectorController.swift in Sources */,
			);
			runOnlyForDeploymentPostprocessing = 0;
		};
/* End PBXSourcesBuildPhase section */

/* Begin PBXVariantGroup section */
		BF25DD041FC0BD5B0095F9BC /* Main.storyboard */ = {
			isa = PBXVariantGroup;
			children = (
				BF25DD051FC0BD5B0095F9BC /* Base */,
			);
			name = Main.storyboard;
			sourceTree = "<group>";
		};
		BF25DD091FC0BD5B0095F9BC /* LaunchScreen.storyboard */ = {
			isa = PBXVariantGroup;
			children = (
				BF25DD0A1FC0BD5B0095F9BC /* Base */,
			);
			name = LaunchScreen.storyboard;
			sourceTree = "<group>";
		};
/* End PBXVariantGroup section */

/* Begin XCBuildConfiguration section */
		BF25DD0D1FC0BD5B0095F9BC /* Debug */ = {
			isa = XCBuildConfiguration;
			buildSettings = {
				ALWAYS_SEARCH_USER_PATHS = NO;
				CLANG_ANALYZER_NONNULL = YES;
				CLANG_ANALYZER_NUMBER_OBJECT_CONVERSION = YES_AGGRESSIVE;
				CLANG_CXX_LANGUAGE_STANDARD = "gnu++14";
				CLANG_CXX_LIBRARY = "libc++";
				CLANG_ENABLE_MODULES = YES;
				CLANG_ENABLE_OBJC_ARC = YES;
				CLANG_WARN_BLOCK_CAPTURE_AUTORELEASING = YES;
				CLANG_WARN_BOOL_CONVERSION = YES;
				CLANG_WARN_COMMA = YES;
				CLANG_WARN_CONSTANT_CONVERSION = YES;
				CLANG_WARN_DIRECT_OBJC_ISA_USAGE = YES_ERROR;
				CLANG_WARN_DOCUMENTATION_COMMENTS = YES;
				CLANG_WARN_EMPTY_BODY = YES;
				CLANG_WARN_ENUM_CONVERSION = YES;
				CLANG_WARN_INFINITE_RECURSION = YES;
				CLANG_WARN_INT_CONVERSION = YES;
				CLANG_WARN_NON_LITERAL_NULL_CONVERSION = YES;
				CLANG_WARN_OBJC_LITERAL_CONVERSION = YES;
				CLANG_WARN_OBJC_ROOT_CLASS = YES_ERROR;
				CLANG_WARN_RANGE_LOOP_ANALYSIS = YES;
				CLANG_WARN_STRICT_PROTOTYPES = YES;
				CLANG_WARN_SUSPICIOUS_MOVE = YES;
				CLANG_WARN_UNGUARDED_AVAILABILITY = YES_AGGRESSIVE;
				CLANG_WARN_UNREACHABLE_CODE = YES;
				CLANG_WARN__DUPLICATE_METHOD_MATCH = YES;
				CODE_SIGN_IDENTITY = "iPhone Developer";
				COPY_PHASE_STRIP = NO;
				DEBUG_INFORMATION_FORMAT = dwarf;
				ENABLE_STRICT_OBJC_MSGSEND = YES;
				ENABLE_TESTABILITY = YES;
				GCC_C_LANGUAGE_STANDARD = gnu11;
				GCC_DYNAMIC_NO_PIC = NO;
				GCC_NO_COMMON_BLOCKS = YES;
				GCC_OPTIMIZATION_LEVEL = 0;
				GCC_PREPROCESSOR_DEFINITIONS = (
					"DEBUG=1",
					"$(inherited)",
				);
				GCC_WARN_64_TO_32_BIT_CONVERSION = YES;
				GCC_WARN_ABOUT_RETURN_TYPE = YES_ERROR;
				GCC_WARN_UNDECLARED_SELECTOR = YES;
				GCC_WARN_UNINITIALIZED_AUTOS = YES_AGGRESSIVE;
				GCC_WARN_UNUSED_FUNCTION = YES;
				GCC_WARN_UNUSED_VARIABLE = YES;
				IPHONEOS_DEPLOYMENT_TARGET = 11.1;
				MTL_ENABLE_DEBUG_INFO = YES;
				ONLY_ACTIVE_ARCH = YES;
				SDKROOT = iphoneos;
				SWIFT_ACTIVE_COMPILATION_CONDITIONS = DEBUG;
				SWIFT_OPTIMIZATION_LEVEL = "-Onone";
			};
			name = Debug;
		};
		BF25DD0E1FC0BD5B0095F9BC /* Release */ = {
			isa = XCBuildConfiguration;
			buildSettings = {
				ALWAYS_SEARCH_USER_PATHS = NO;
				CLANG_ANALYZER_NONNULL = YES;
				CLANG_ANALYZER_NUMBER_OBJECT_CONVERSION = YES_AGGRESSIVE;
				CLANG_CXX_LANGUAGE_STANDARD = "gnu++14";
				CLANG_CXX_LIBRARY = "libc++";
				CLANG_ENABLE_MODULES = YES;
				CLANG_ENABLE_OBJC_ARC = YES;
				CLANG_WARN_BLOCK_CAPTURE_AUTORELEASING = YES;
				CLANG_WARN_BOOL_CONVERSION = YES;
				CLANG_WARN_COMMA = YES;
				CLANG_WARN_CONSTANT_CONVERSION = YES;
				CLANG_WARN_DIRECT_OBJC_ISA_USAGE = YES_ERROR;
				CLANG_WARN_DOCUMENTATION_COMMENTS = YES;
				CLANG_WARN_EMPTY_BODY = YES;
				CLANG_WARN_ENUM_CONVERSION = YES;
				CLANG_WARN_INFINITE_RECURSION = YES;
				CLANG_WARN_INT_CONVERSION = YES;
				CLANG_WARN_NON_LITERAL_NULL_CONVERSION = YES;
				CLANG_WARN_OBJC_LITERAL_CONVERSION = YES;
				CLANG_WARN_OBJC_ROOT_CLASS = YES_ERROR;
				CLANG_WARN_RANGE_LOOP_ANALYSIS = YES;
				CLANG_WARN_STRICT_PROTOTYPES = YES;
				CLANG_WARN_SUSPICIOUS_MOVE = YES;
				CLANG_WARN_UNGUARDED_AVAILABILITY = YES_AGGRESSIVE;
				CLANG_WARN_UNREACHABLE_CODE = YES;
				CLANG_WARN__DUPLICATE_METHOD_MATCH = YES;
				CODE_SIGN_IDENTITY = "iPhone Developer";
				COPY_PHASE_STRIP = NO;
				DEBUG_INFORMATION_FORMAT = "dwarf-with-dsym";
				ENABLE_NS_ASSERTIONS = NO;
				ENABLE_STRICT_OBJC_MSGSEND = YES;
				GCC_C_LANGUAGE_STANDARD = gnu11;
				GCC_NO_COMMON_BLOCKS = YES;
				GCC_WARN_64_TO_32_BIT_CONVERSION = YES;
				GCC_WARN_ABOUT_RETURN_TYPE = YES_ERROR;
				GCC_WARN_UNDECLARED_SELECTOR = YES;
				GCC_WARN_UNINITIALIZED_AUTOS = YES_AGGRESSIVE;
				GCC_WARN_UNUSED_FUNCTION = YES;
				GCC_WARN_UNUSED_VARIABLE = YES;
				IPHONEOS_DEPLOYMENT_TARGET = 11.1;
				MTL_ENABLE_DEBUG_INFO = NO;
				SDKROOT = iphoneos;
				SWIFT_OPTIMIZATION_LEVEL = "-Owholemodule";
				VALIDATE_PRODUCT = YES;
			};
			name = Release;
		};
		BF25DD101FC0BD5B0095F9BC /* Debug */ = {
			isa = XCBuildConfiguration;
			baseConfigurationReference = 7916B33E8DB1BFBAAB969A0E /* Pods-InstagramFirebase.debug.xcconfig */;
			buildSettings = {
				ASSETCATALOG_COMPILER_APPICON_NAME = AppIcon;
				CODE_SIGN_STYLE = Automatic;
				DEVELOPMENT_TEAM = 6G68R287BD;
				INFOPLIST_FILE = InstagramFirebase/Info.plist;
				IPHONEOS_DEPLOYMENT_TARGET = 11.1;
				LD_RUNPATH_SEARCH_PATHS = "$(inherited) @executable_path/Frameworks";
				PRODUCT_BUNDLE_IDENTIFIER = com.kodappy.InstagramFirebase;
				PRODUCT_NAME = "$(TARGET_NAME)";
				SWIFT_VERSION = 4.0;
				TARGETED_DEVICE_FAMILY = "1,2";
			};
			name = Debug;
		};
		BF25DD111FC0BD5B0095F9BC /* Release */ = {
			isa = XCBuildConfiguration;
			baseConfigurationReference = 6FA839C58F073AE9F808AE26 /* Pods-InstagramFirebase.release.xcconfig */;
			buildSettings = {
				ASSETCATALOG_COMPILER_APPICON_NAME = AppIcon;
				CODE_SIGN_STYLE = Automatic;
				DEVELOPMENT_TEAM = 6G68R287BD;
				INFOPLIST_FILE = InstagramFirebase/Info.plist;
				IPHONEOS_DEPLOYMENT_TARGET = 11.1;
				LD_RUNPATH_SEARCH_PATHS = "$(inherited) @executable_path/Frameworks";
				PRODUCT_BUNDLE_IDENTIFIER = com.kodappy.InstagramFirebase;
				PRODUCT_NAME = "$(TARGET_NAME)";
				SWIFT_VERSION = 4.0;
				TARGETED_DEVICE_FAMILY = "1,2";
			};
			name = Release;
		};
/* End XCBuildConfiguration section */

/* Begin XCConfigurationList section */
		BF25DCF81FC0BD5A0095F9BC /* Build configuration list for PBXProject "InstagramFirebase" */ = {
			isa = XCConfigurationList;
			buildConfigurations = (
				BF25DD0D1FC0BD5B0095F9BC /* Debug */,
				BF25DD0E1FC0BD5B0095F9BC /* Release */,
			);
			defaultConfigurationIsVisible = 0;
			defaultConfigurationName = Release;
		};
		BF25DD0F1FC0BD5B0095F9BC /* Build configuration list for PBXNativeTarget "InstagramFirebase" */ = {
			isa = XCConfigurationList;
			buildConfigurations = (
				BF25DD101FC0BD5B0095F9BC /* Debug */,
				BF25DD111FC0BD5B0095F9BC /* Release */,
			);
			defaultConfigurationIsVisible = 0;
			defaultConfigurationName = Release;
		};
/* End XCConfigurationList section */
	};
	rootObject = BF25DCF51FC0BD5A0095F9BC /* Project object */;
}
